
Microsoft Visual Studio Solution File, Format Version 12.00
# Visual Studio Version 16
VisualStudioVersion = 16.0.30907.101
MinimumVisualStudioVersion = 10.0.40219.1
Project("{FAE04EC0-301F-11D3-BF4B-00C04F79EFBC}") = "FirmaDigital", "FirmaDigital.csproj", "{DA8B9A68-F23A-4A28-9390-73F31E23BEE8}"
EndProject
Global
	GlobalSection(SolutionConfigurationPlatforms) = preSolution
		Debug|Any CPU = Debug|Any CPU
		Release|Any CPU = Release|Any CPU
	EndGlobalSection
	GlobalSection(ProjectConfigurationPlatforms) = postSolution
		{DA8B9A68-F23A-4A28-9390-73F31E23BEE8}.Debug|Any CPU.ActiveCfg = Debug|Any CPU
		{DA8B9A68-F23A-4A28-9390-73F31E23BEE8}.Debug|Any CPU.Build.0 = Debug|Any CPU
		{DA8B9A68-F23A-4A28-9390-73F31E23BEE8}.Release|Any CPU.ActiveCfg = Release|Any CPU
		{DA8B9A68-F23A-4A28-9390-73F31E23BEE8}.Release|Any CPU.Build.0 = Release|Any CPU
	EndGlobalSection
	GlobalSection(SolutionProperties) = preSolution
		HideSolutionNode = FALSE
	EndGlobalSection
	GlobalSection(ExtensibilityGlobals) = postSolution
		SolutionGuid = {D57C1E49-207C-4690-A121-E7834D5032EC}
	EndGlobalSection
EndGlobal
